{
  "name": "simple",
  "version": "1.0.0",
  "lockfileVersion": 3,
  "requires": true,
  "packages": {
    "": {
      "name": "simple",
      "version": "1.0.0",
      "license": "ISC",
      "dependencies": {
        "bootstrap": "3.1.1"
      }
    },
    "node_modules/bootstrap": {
      "version": "3.1.1",
      "resolved": "https://registry.npmjs.org/bootstrap/-/bootstrap-3.1.1.tgz",
      "integrity": "sha512-TAzqS8E/ISpVHP29gYhy+1NSV+FJwApDVQhDfgLYsIuUDJiqJzH2DfORN5tiu+Ie2iBLrzEG34t4Rf465cigqg==",
      "license": "MIT"
    }
  }
}
