{
  "name": "simple",
  "version": "1.0.0",
  "lockfileVersion": 3,
  "requires": true,
  "packages": {
    "": {
      "name": "simple",
      "version": "1.0.0",
      "license": "ISC",
      "dependencies": {
        "bootstrap": "3.1.1",
        "vue": "3.5.13"
      }
    },
    "node_modules/bootstrap": {
      "version": "3.1.1",
      "resolved": "https://registry.npmjs.org/bootstrap/-/bootstrap-3.1.1.tgz",
      "integrity": "sha512-TAzqS8E/ISpVHP29gYhy+1NSV+FJwApDVQhDfgLYsIuUDJiqJzH2DfORN5tiu+Ie2iBLrzEG34t4Rf465cigqg==",
      "license": "MIT"
    },
    "node_modules/vue": {
      "version": "3.5.13",
      "resolved": "https://registry.npmjs.org/vue/-/vue-3.5.13.tgz",
      "integrity": "sha512-wmeiSMxkZCSc+PM2w2VRsOYAZC8GdipNFRTsLSfodVqI9mbejKeXEGr8SckuLnrQPGe3oJN5c3K0vpoU9q/wCQ==",
      "license": "MIT"
    }
  }
}
